bitbucket.org/liamstask/goose v0.0.0-20150115234039-8488cc47d90c h1:bkb2NMGo3/Du52wvYj9Whth5KZfMV6d3O0Vbr3nz/UE=
bitbucket.org/liamstask/goose v0.0.0-20150115234039-8488cc47d90c/go.mod h1:hSVuE3qU7grINVSwrmzHfpg9k87ALBk+XaualNyUzI4=
github.com/GeertJohan/go.incremental v1.0.0 h1:7AH+pY1XUgQE4Y1HcXYaMqAI0m9yrFqo/jt0CW30vsg=
github.com/GeertJohan/go.incremental v1.0.0/go.mod h1:6fAjUhbVuX1KcMD3c8TEgVUqmo4seqhv0i0kdATSkM0=
github.com/GeertJohan/go.rice v1.0.0 h1:KkI6O9uMaQU3VEKaj01ulavtF7o1fWT7+pk/4voiMLQ=
github.com/GeertJohan/go.rice v1.0.0/go.mod h1:eH6gbSOAUv07dQuZVnBmoDP8mgsM1rtixis4Tib9if0=
github.com/akavel/rsrc v0.8.0 h1:zjWn7ukO9Kc5Q62DOJCcxGpXC18RawVtYAGdz2aLlfw=
github.com/akavel/rsrc v0.8.0/go.mod h1:uLoCtb9J+EyAqh+26kdrTgmzRBFPGOolLWKpdxkKq+c=
github.com/certifi/gocertifi v0.0.0-20180118203423-deb3ae2ef261 h1:6/yVvBsKeAw05IUj4AzvrxaCnDjN4nUqKjW9+w5wixg=
github.com/certifi/gocertifi v0.0.0-20180118203423-deb3ae2ef261/go.mod h1:GJKEexRPVJrBSOjoqN5VNOIKJ5Q3RViH6eu3puDRwx4=
github.com/cloudflare/backoff v0.0.0-20161212185259-647f3cdfc87a h1:8d1CEOF1xldesKds5tRG3tExBsMOgWYownMHNCsev54=
github.com/cloudflare/backoff v0.0.0-20161212185259-647f3cdfc87a/go.mod h1:rzgs2ZOiguV6/NpiDgADjRLPNyZlApIWxKpkT+X8SdY=
github.com/cloudflare/go-metrics v0.0.0-20151117154305-6a9aea36fb41 h1:/8sZyuGTAU2+fYv0Sz9lBcipqX0b7i4eUl8pSStk/4g=
github.com/cloudflare/go-metrics v0.0.0-20151117154305-6a9aea36fb41/go.mod h1:eaZPlJWD+G9wseg1BuRXlHnjntPMrywMsyxf+LTOdP4=
github.com/cloudflare/redoctober v0.0.0-20171127175943-746a508df14c h1:p0Q1GvgWtVf46XpMMibupKiE7aQxPYUIb+/jLTTK2kM=
github.com/cloudflare/redoctober v0.0.0-20171127175943-746a508df14c/go.mod h1:6Se34jNoqrd8bTxrmJB2Bg2aoZ2CdSXonils9NsiNgo=
github.com/daaku/go.zipexe v1.0.0 h1:VSOgZtH418pH9L16hC/JrgSNJbbAL26pj7lmD1+CGdY=
github.com/daaku/go.zipexe v1.0.0/go.mod h1:z8IiR6TsVLEYKwXAoE/I+8ys/sDkgTzSL0CLnGVd57E=
github.com/davecgh/go-spew v1.1.0/go.mod h1:J7Y8YcW2NihsgmVo/mv3lAwl/skON4iLHjSsI+c5H38=
github.com/davecgh/go-spew v1.1.1 h1:vj9j/u1bqnvCEfJOwUhtlOARqs3+rkHYY13jYWTU97c=
github.com/davecgh/go-spew v1.1.1/go.mod h1:J7Y8YcW2NihsgmVo/mv3lAwl/skON4iLHjSsI+c5H38=
github.com/getsentry/raven-go v0.0.0-20180121060056-563b81fc02b7 h1:ELaJ1cjF2nEJeIlHXahGme22yG7TK+3jB6IGCq0Cdrc=
github.com/getsentry/raven-go v0.0.0-20180121060056-563b81fc02b7/go.mod h1:KungGk8q33+aIAZUIVWZDr2OfAEBsO49PX4NzFV5kcQ=
github.com/go-sql-driver/mysql v1.3.0 h1:pgwjLi/dvffoP9aabwkT3AKpXQM93QARkjFhDDqC1UE=
github.com/go-sql-driver/mysql v1.3.0/go.mod h1:zAC/RDZ24gD3HViQzih4MyKcchzm+sOG5ZlKdlhCg5w=
github.com/golang/protobuf v1.3.1 h1:YF8+flBXS5eO826T4nzqPrxfhQThhXl0YzfuUPu4SBg=
github.com/golang/protobuf v1.3.1/go.mod h1:6lQm79b+lXiMfvg/cZm0SGofjICqVBUtrP5yJMmIC1U=
github.com/google/certificate-transparency-go v1.0.21 h1:Yf1aXowfZ2nuboBsg7iYGLmwsOARdV86pfH3g95wXmE=
github.com/google/certificate-transparency-go v1.0.21/go.mod h1:QeJfpSbVSfYc7RgB3gJFj9cbuQMMchQxrWXz8Ruopmg=
github.com/jessevdk/go-flags v1.4.0 h1:4IU2WS7AumrZ/40jfhf4QVDMsQwqA7VEHozFRrGARJA=
github.com/jessevdk/go-flags v1.4.0/go.mod h1:4FA24M0QyGHXBuZZK/XkWh8h0e1EYbRYJSGM75WSRxI=
github.com/jmhodges/clock v0.0.0-20160418191101-880ee4c33548 h1:dYTbLf4m0a5u0KLmPfB6mgxbcV7588bOCx79hxa5Sr4=
github.com/jmhodges/clock v0.0.0-20160418191101-880ee4c33548/go.mod h1:hGT6jSUVzF6no3QaDSMLGLEHtHSBSefs+MgcDWnmhmo=
github.com/jmoiron/sqlx v0.0.0-20180124204410-05cef0741ade h1:ryslCsfLTV4Cm/9NXqCJirlbYodWqFiTH454IaSn/fY=
github.com/jmoiron/sqlx v0.0.0-20180124204410-05cef0741ade/go.mod h1:IiEW3SEiiErVyFdH8NTuWjSifiEQKUoyK3LNqr2kCHU=
github.com/kisielk/sqlstruct v0.0.0-20150923205031-648daed35d49 h1:o/c0aWEP/m6n61xlYW2QP4t9424qlJOsxugn5Zds2Rg=
github.com/kisielk/sqlstruct v0.0.0-20150923205031-648daed35d49/go.mod h1:yyMNCyc/Ib3bDTKd379tNMpB/7/H5TjM2Y9QJ5THLbE=
github.com/kisom/goutils v1.1.0 h1:z4HEOgAnFq+e1+O4QdVsyDPatJDu5Ei/7w7DRbYjsIA=
github.com/kisom/goutils v1.1.0/go.mod h1:+UBTfd78habUYWFbNWTJNG+jNG/i/lGURakr4A/yNRw=
github.com/konsorten/go-windows-terminal-sequences v1.0.1/go.mod h1:T0+1ngSBFLxvqU3pZ+m/2kptfBszLMUkC4ZK/EgS/cQ=
github.com/kr/pretty v0.1.0 h1:L/CwN0zerZDmRFUapSPitk6f+Q3+0za1rQkzVuMiMFI=
github.com/kr/pretty v0.1.0/go.mod h1:dAy3ld7l9f0ibDNOQOHHMYYIIbhfbHSm3C4ZsoJORNo=
github.com/kr/pty v1.1.1/go.mod h1:pFQYn66WHrOpPYNljwOMqo10TkYh1fy3cYio2l3bCsQ=
github.com/kr/text v0.1.0 h1:45sCR5RtlFHMR4UwH9sdQ5TC8v0qDQCHnXt+kaKSTVE=
github.com/kr/text v0.1.0/go.mod h1:4Jbv+DJW3UT/LiOwJeYQe1efqtUx/iVham/4vfdArNI=
github.com/kylelemons/go-gypsy v0.0.0-20160905020020-08cad365cd28 h1:mkl3tvPHIuPaWsLtmHTybJeoVEW7cbePK73Ir8VtruA=
github.com/kylelemons/go-gypsy v0.0.0-20160905020020-08cad365cd28/go.mod h1:T/T7jsxVqf9k/zYOqbgNAsANsjxTd1Yq3htjDhQ1H0c=
github.com/lib/pq v0.0.0-20180201184707-88edab080323 h1:Ou506ViB5uo2GloKFWIYi5hwRJn4AAOXuLVv8RMY9+4=
github.com/lib/pq v0.0.0-20180201184707-88edab080323/go.mod h1:5WUZQaWbwv1U+lTReE5YruASi9Al49XbQIvNi/34Woo=
github.com/mattn/go-sqlite3 v1.10.0 h1:jbhqpg7tQe4SupckyijYiy0mJJ/pRyHvXf7JdWK860o=
github.com/mattn/go-sqlite3 v1.10.0/go.mod h1:FPy6KqzDD04eiIsT53CuJW3U88zkxoIYsOqkbpncsNc=
github.com/mreiferson/go-httpclient v0.0.0-20160630210159-31f0106b4474/go.mod h1:OQA4XLvDbMgS8P0CevmM4m9Q3Jq4phKUzcocxuGJ5m8=
github.com/nkovacs/streamquote v0.0.0-20170412213628-49af9bddb229 h1:E2B8qYyeSgv5MXpmzZXRNp8IAQ4vjxIjhpAf5hv/tAg=
github.com/nkovacs/streamquote v0.0.0-20170412213628-49af9bddb229/go.mod h1:0aYXnNPJ8l7uZxf45rWW1a/uME32OF0rhiYGNQ2oF2E=
github.com/op/go-logging v0.0.0-20160315200505-970db520ece7/go.mod h1:HzydrMdWErDVzsI23lYNej1Htcns9BCg93Dk0bBINWk=
github.com/pkg/errors v0.8.0 h1:WdK/asTD0HN+q6hsWO3/vpuAkAr+tw6aNJNDFFf0+qw=
github.com/pkg/errors v0.8.0/go.mod h1:bwawxfHBFNV+L2hUp1rHADufV3IMtnDRdf1r5NINEl0=
github.com/pmezard/go-difflib v1.0.0 h1:4DBwDE0NGyQoBHbLQYPwSUPoCMWR5BEzIk/f1lZbAQM=
github.com/pmezard/go-difflib v1.0.0/go.mod h1:iKH77koFhYxTK1pcRnkKkqfTogsbg7gZNVY4sRDYZ/4=
github.com/sirupsen/logrus v1.3.0/go.mod h1:LxeOpSwHxABJmUn/MG1IvRgCAasNZTLOkJPxbbu5VWo=
github.com/stretchr/objx v0.1.0/go.mod h1:HFkY916IF+rwdDfMAkV7OtwuqBVzrE8GR6GFx+wExME=
github.com/stretchr/objx v0.1.1/go.mod h1:HFkY916IF+rwdDfMAkV7OtwuqBVzrE8GR6GFx+wExME=
github.com/stretchr/testify v1.2.2/go.mod h1:a8OnRcib4nhh0OaRAV+Yts87kKdq0PP7pXfy6kDkUVs=
github.com/stretchr/testify v1.3.0 h1:TivCn/peBQ7UY8ooIcPgZFpTNSz0Q2U6UrFlUfqbe0Q=
github.com/stretchr/testify v1.3.0/go.mod h1:M5WIy9Dh21IEIfnGCwXGc5bZfKNJtfHm1UVUgZn+9EI=
github.com/valyala/bytebufferpool v1.0.0 h1:GqA5TC/0021Y/b9FG4Oi9Mr3q7XYx6KllzawFIhcdPw=
github.com/valyala/bytebufferpool v1.0.0/go.mod h1:6bBcMArwyJ5K/AmCkWv1jt77kVWyCJ6HpOuEn7z0Csc=
github.com/valyala/fasttemplate v1.0.1 h1:tY9CJiPnMXf1ERmG2EyK7gNUd+c6RKGD0IfU8WdUSz8=
github.com/valyala/fasttemplate v1.0.1/go.mod h1:UQGH1tvbgY+Nz5t2n7tXsz52dQxojPUpymEIMZ47gx8=
github.com/weppos/publicsuffix-go v0.4.0/go.mod h1:z3LCPQ38eedDQSwmsSRW4Y7t2L8Ln16JPQ02lHAdn5k=
github.com/weppos/publicsuffix-go v0.5.0 h1:rutRtjBJViU/YjcI5d80t4JAVvDltS6bciJg2K1HrLU=
github.com/weppos/publicsuffix-go v0.5.0/go.mod h1:z3LCPQ38eedDQSwmsSRW4Y7t2L8Ln16JPQ02lHAdn5k=
github.com/ziutek/mymysql v1.5.4 h1:GB0qdRGsTwQSBVYuVShFBKaXSnSnYYC2d9knnE1LHFs=
github.com/ziutek/mymysql v1.5.4/go.mod h1:LMSpPZ6DbqWFxNCHW77HeMg9I646SAhApZ/wKdgO/C0=
github.com/zmap/rc2 v0.0.0-20131011165748-24b9757f5521/go.mod h1:3YZ9o3WnatTIZhuOtot4IcUfzoKVjUHqu6WALIyI0nE=
github.com/zmap/zcertificate v0.0.0-20180516150559-0e3d58b1bac4/go.mod h1:5iU54tB79AMBcySS0R2XIyZBAVmeHranShAFELYx7is=
github.com/zmap/zcrypto v0.0.0-20190729165852-9051775e6a2e h1:mvOa4+/DXStR4ZXOks/UsjeFdn5O5JpLUtzqk9U8xXw=
github.com/zmap/zcrypto v0.0.0-20190729165852-9051775e6a2e/go.mod h1:w7kd3qXHh8FNaczNjslXqvFQiv5mMWRXlL9klTUAHc8=
github.com/zmap/zlint v0.0.0-20190806154020-fd021b4cfbeb h1:vxqkjztXSaPVDc8FQCdHTaejm2x747f6yPbnu1h2xkg=
github.com/zmap/zlint v0.0.0-20190806154020-fd021b4cfbeb/go.mod h1:29UiAJNsiVdvTBFCJW8e3q6dcDbOoPkhMgttOSCIMMY=
golang.org/x/crypto v0.0.0-20180904163835-0709b304e793/go.mod h1:6SG95UA2DQfeDnfUPMdvaQW0Q7yPrPDi9nlGo2tz2b4=
golang.org/x/crypto v0.0.0-20190308221718-c2843e01d9a2/go.mod h1:djNgcEr1/C05ACkg1iLfiJU5Ep61QUkGW8qpdssI0+w=
golang.org/x/crypto v0.0.0-20190701094942-4def268fd1a4 h1:HuIa8hRrWRSrqYzx1qI49NNxhdi2PrY7gxVSq1JjLDc=
golang.org/x/crypto v0.0.0-20190701094942-4def268fd1a4/go.mod h1:yigFU9vqHzYiE8UmvKecakEJjdnWj3jj499lnFckfCI=
golang.org/x/lint v0.0.0-20190930215403-16217165b5de h1:5hukYrvBGR8/eNkX5mdUezrA6JiaEZDtJb9Ei+1LlBs=
golang.org/x/lint v0.0.0-20190930215403-16217165b5de/go.mod h1:6SW0HCj/g11FgYtHlgUYUwCkIfeOF89ocIRzGO/8vkc=
golang.org/x/net v0.0.0-20190311183353-d8887717615a/go.mod h1:t9HGtf8HONx5eT2rtn7q6eTqICYqUVnKs3thJo3Qplg=
golang.org/x/net v0.0.0-20190404232315-eb5bcb51f2a3 h1:0GoQqolDA55aaLxZyTzK/Y2ePZzZTUrRacwib7cNsYQ=
golang.org/x/net v0.0.0-20190404232315-eb5bcb51f2a3/go.mod h1:t9HGtf8HONx5eT2rtn7q6eTqICYqUVnKs3thJo3Qplg=
golang.org/x/sys v0.0.0-20180905080454-ebe1bf3edb33/go.mod h1:STP8DvDyc/dI5b8T5hshtkjS+E42TnysNCUPdjciGhY=
golang.org/x/sys v0.0.0-20190215142949-d0b11bdaac8a/go.mod h1:STP8DvDyc/dI5b8T5hshtkjS+E42TnysNCUPdjciGhY=
golang.org/x/sys v0.0.0-20190412213103-97732733099d/go.mod h1:h1NjWce9XRLGQEsW7wpKNCjG9DtNlClVuFLEZdDNbEs=
golang.org/x/text v0.3.0/go.mod h1:NqM8EUOU14njkJ3fqMW+pc6Ldnwhi/IjpwHt7yyuwOQ=
golang.org/x/text v0.3.2 h1:tW2bmiBqwgJj/UpqtC8EpXEZVYOwU0yG4iWbprSVAcs=
golang.org/x/text v0.3.2/go.mod h1:bEr9sfX3Q8Zfm5fL9x+3itogRgK3+ptLWKqgva+5dAk=
golang.org/x/tools v0.0.0-20180917221912-90fa682c2a6e/go.mod h1:n7NCudcB/nEzxVGmLbDWY5pfWTLqBcC2KZ6jyYvM4mQ=
golang.org/x/tools v0.0.0-20190311212946-11955173bddd h1:/e+gpKk9r3dJobndpTytxS2gOy6m5uvpg+ISQoEcusQ=
golang.org/x/tools v0.0.0-20190311212946-11955173bddd/go.mod h1:LCzVGOaR6xXOjkQ3onu1FJEFr0SW1gC7cKk1uF8kGRs=
gopkg.in/check.v1 v1.0.0-20180628173108-788fd7840127 h1:qIbj1fsPNlZgppZ+VLlY7N33q108Sa+fhmuc+sWQYwY=
gopkg.in/check.v1 v1.0.0-20180628173108-788fd7840127/go.mod h1:Co6ibVJAznAaIkqp8huTwlJQCZ016jof/cbN4VW5Yz0=
